
Microsoft Visual Studio Solution File, Format Version 12.00
# Visual Studio 15
VisualStudioVersion = 15.0.26124.0
MinimumVisualStudioVersion = 15.0.26124.0
Project("{2150E333-8FDC-42A3-9474-1A3956D46DE8}") = "src", "src", "{9FA0FA13-6F65-4ACD-8EF5-14DBEB8192CD}"
EndProject
Project("{FAE04EC0-301F-11D3-BF4B-00C04F79EFBC}") = "DataBinding", "src\DataBinding\DataBinding.csproj", "{DD5B5863-0A5C-4B91-A98B-15B8910A7BC6}"
EndProject
Project("{2150E333-8FDC-42A3-9474-1A3956D46DE8}") = "test", "test", "{4F240CAD-07AC-4883-A2C3-613ED608C88F}"
EndProject
Project("{FAE04EC0-301F-11D3-BF4B-00C04F79EFBC}") = "DataBinding.Tests", "test\DataBinding.Tests\DataBinding.Tests.csproj", "{37B00AF8-96DB-42DD-B3E4-D11DD8B8157A}"
EndProject
Project("{2150E333-8FDC-42A3-9474-1A3956D46DE8}") = "samples", "samples", "{65E8782F-7BF6-4922-8820-D59E73322C8A}"
EndProject
Project("{FAE04EC0-301F-11D3-BF4B-00C04F79EFBC}") = "DataBinding.Sandbox", "samples\Sandbox\Sandbox.csproj", "{269E9723-4623-4C6F-B977-02646AC45D68}"
EndProject
Global
	GlobalSection(SolutionProperties) = preSolution
		HideSolutionNode = FALSE
	EndGlobalSection
	GlobalSection(SolutionConfigurationPlatforms) = preSolution
		Debug|Any CPU = Debug|Any CPU
		Debug|x64 = Debug|x64
		Debug|x86 = Debug|x86
		Release|Any CPU = Release|Any CPU
		Release|x64 = Release|x64
		Release|x86 = Release|x86
	EndGlobalSection
	GlobalSection(ProjectConfigurationPlatforms) = postSolution
		{DD5B5863-0A5C-4B91-A98B-15B8910A7BC6}.Debug|Any CPU.ActiveCfg = Debug|Any CPU
		{DD5B5863-0A5C-4B91-A98B-15B8910A7BC6}.Debug|Any CPU.Build.0 = Debug|Any CPU
		{DD5B5863-0A5C-4B91-A98B-15B8910A7BC6}.Debug|x64.ActiveCfg = Debug|x64
		{DD5B5863-0A5C-4B91-A98B-15B8910A7BC6}.Debug|x64.Build.0 = Debug|x64
		{DD5B5863-0A5C-4B91-A98B-15B8910A7BC6}.Debug|x86.ActiveCfg = Debug|x86
		{DD5B5863-0A5C-4B91-A98B-15B8910A7BC6}.Debug|x86.Build.0 = Debug|x86
		{DD5B5863-0A5C-4B91-A98B-15B8910A7BC6}.Release|Any CPU.ActiveCfg = Release|Any CPU
		{DD5B5863-0A5C-4B91-A98B-15B8910A7BC6}.Release|Any CPU.Build.0 = Release|Any CPU
		{DD5B5863-0A5C-4B91-A98B-15B8910A7BC6}.Release|x64.ActiveCfg = Release|x64
		{DD5B5863-0A5C-4B91-A98B-15B8910A7BC6}.Release|x64.Build.0 = Release|x64
		{DD5B5863-0A5C-4B91-A98B-15B8910A7BC6}.Release|x86.ActiveCfg = Release|x86
		{DD5B5863-0A5C-4B91-A98B-15B8910A7BC6}.Release|x86.Build.0 = Release|x86
		{37B00AF8-96DB-42DD-B3E4-D11DD8B8157A}.Debug|Any CPU.ActiveCfg = Debug|Any CPU
		{37B00AF8-96DB-42DD-B3E4-D11DD8B8157A}.Debug|Any CPU.Build.0 = Debug|Any CPU
		{37B00AF8-96DB-42DD-B3E4-D11DD8B8157A}.Debug|x64.ActiveCfg = Debug|x64
		{37B00AF8-96DB-42DD-B3E4-D11DD8B8157A}.Debug|x64.Build.0 = Debug|x64
		{37B00AF8-96DB-42DD-B3E4-D11DD8B8157A}.Debug|x86.ActiveCfg = Debug|x86
		{37B00AF8-96DB-42DD-B3E4-D11DD8B8157A}.Debug|x86.Build.0 = Debug|x86
		{37B00AF8-96DB-42DD-B3E4-D11DD8B8157A}.Release|Any CPU.ActiveCfg = Release|Any CPU
		{37B00AF8-96DB-42DD-B3E4-D11DD8B8157A}.Release|Any CPU.Build.0 = Release|Any CPU
		{37B00AF8-96DB-42DD-B3E4-D11DD8B8157A}.Release|x64.ActiveCfg = Release|x64
		{37B00AF8-96DB-42DD-B3E4-D11DD8B8157A}.Release|x64.Build.0 = Release|x64
		{37B00AF8-96DB-42DD-B3E4-D11DD8B8157A}.Release|x86.ActiveCfg = Release|x86
		{37B00AF8-96DB-42DD-B3E4-D11DD8B8157A}.Release|x86.Build.0 = Release|x86
		{269E9723-4623-4C6F-B977-02646AC45D68}.Debug|Any CPU.ActiveCfg = Debug|Any CPU
		{269E9723-4623-4C6F-B977-02646AC45D68}.Debug|Any CPU.Build.0 = Debug|Any CPU
		{269E9723-4623-4C6F-B977-02646AC45D68}.Debug|x64.ActiveCfg = Debug|x64
		{269E9723-4623-4C6F-B977-02646AC45D68}.Debug|x64.Build.0 = Debug|x64
		{269E9723-4623-4C6F-B977-02646AC45D68}.Debug|x86.ActiveCfg = Debug|x86
		{269E9723-4623-4C6F-B977-02646AC45D68}.Debug|x86.Build.0 = Debug|x86
		{269E9723-4623-4C6F-B977-02646AC45D68}.Release|Any CPU.ActiveCfg = Release|Any CPU
		{269E9723-4623-4C6F-B977-02646AC45D68}.Release|Any CPU.Build.0 = Release|Any CPU
		{269E9723-4623-4C6F-B977-02646AC45D68}.Release|x64.ActiveCfg = Release|x64
		{269E9723-4623-4C6F-B977-02646AC45D68}.Release|x64.Build.0 = Release|x64
		{269E9723-4623-4C6F-B977-02646AC45D68}.Release|x86.ActiveCfg = Release|x86
		{269E9723-4623-4C6F-B977-02646AC45D68}.Release|x86.Build.0 = Release|x86
	EndGlobalSection
	GlobalSection(NestedProjects) = preSolution
		{DD5B5863-0A5C-4B91-A98B-15B8910A7BC6} = {9FA0FA13-6F65-4ACD-8EF5-14DBEB8192CD}
		{37B00AF8-96DB-42DD-B3E4-D11DD8B8157A} = {4F240CAD-07AC-4883-A2C3-613ED608C88F}
		{269E9723-4623-4C6F-B977-02646AC45D68} = {65E8782F-7BF6-4922-8820-D59E73322C8A}
	EndGlobalSection
EndGlobal
